<?xml version="1.0" encoding="utf-8"?>
<Project ToolsVersion="4.0" xmlns="http://schemas.microsoft.com/developer/msbuild/2003">
  <ItemGroup>
    <Filter Include="core">
      <UniqueIdentifier>{6262b767-1f69-4bb3-96cd-478f0f7a7f61}</UniqueIdentifier>
    </Filter>
    <Filter Include="utils">
      <UniqueIdentifier>{6f064461-7e06-45ee-914c-1cabbe05d3fc}</UniqueIdentifier>
    </Filter>
    <Filter Include="GLutils">
      <UniqueIdentifier>{5b37befa-72f5-4075-a5c5-ca8eef928d0b}</UniqueIdentifier>
    </Filter>
    <Filter Include="input">
      <UniqueIdentifier>{8faa8d4f-c345-4eee-8dc0-53522ccc2e4e}</UniqueIdentifier>
    </Filter>
    <Filter Include="shared">
      <UniqueIdentifier>{34c4369d-8634-4ea6-a739-3de130195bae}</UniqueIdentifier>
    </Filter>
    <Filter Include="modules">
      <UniqueIdentifier>{3b956360-33b9-4e3d-8b3b-a9e8e930b335}</UniqueIdentifier>
    </Filter>
  </ItemGroup>
  <ItemGroup>
    <ClCompile Include="lunENG\core\main.cpp">
      <Filter>core</Filter>
    </ClCompile>
    <ClCompile Include="lunENG\utils\setup.cpp">
      <Filter>utils</Filter>
    </ClCompile>
    <ClCompile Include="lunENG\core\tools.cpp">
      <Filter>core</Filter>
    </ClCompile>
    <ClCompile Include="lunENG\utils\INIparser.cpp">
      <Filter>utils</Filter>
    </ClCompile>
    <ClCompile Include="lunENG\GLutils\drawfont.cpp">
      <Filter>GLutils</Filter>
    </ClCompile>
    <ClCompile Include="lunENG\GLutils\shader.cpp">
      <Filter>GLutils</Filter>
    </ClCompile>
    <ClCompile Include="lunENG\GLutils\GLstuff.cpp">
      <Filter>GLutils</Filter>
    </ClCompile>
    <ClCompile Include="lunENG\utils\SDLgraph.cpp">
      <Filter>utils</Filter>
    </ClCompile>
    <ClCompile Include="lunENG\input\keys.cpp">
      <Filter>input</Filter>
    </ClCompile>
    <ClCompile Include="lunENG\core\renderer.cpp">
      <Filter>core</Filter>
    </ClCompile>
    <ClCompile Include="lunENG\GLutils\sprites.cpp">
      <Filter>GLutils</Filter>
    </ClCompile>
    <ClCompile Include="lunENG\shared\shared.cpp">
      <Filter>shared</Filter>
    </ClCompile>
    <ClCompile Include="lunENG\modules\terrain.cpp">
      <Filter>modules</Filter>
    </ClCompile>
    <ClCompile Include="lunENG\modules\freecam.cpp">
      <Filter>modules</Filter>
    </ClCompile>
    <ClCompile Include="lunENG\shared\OBJparser.cpp">
      <Filter>shared</Filter>
    </ClCompile>
  </ItemGroup>
  <ItemGroup>
    <ClInclude Include="lunENG\core\main.h">
      <Filter>core</Filter>
    </ClInclude>
    <ClInclude Include="lunENG\utils\setup.h">
      <Filter>utils</Filter>
    </ClInclude>
    <ClInclude Include="lunENG\core\tools.h">
      <Filter>core</Filter>
    </ClInclude>
    <ClInclude Include="lunENG\utils\INIparser.h">
      <Filter>utils</Filter>
    </ClInclude>
    <ClInclude Include="lunENG\GLutils\drawfont.h">
      <Filter>GLutils</Filter>
    </ClInclude>
    <ClInclude Include="lunENG\GLutils\shader.h">
      <Filter>GLutils</Filter>
    </ClInclude>
    <ClInclude Include="lunENG\GLutils\GLstuff.h">
      <Filter>GLutils</Filter>
    </ClInclude>
    <ClInclude Include="lunENG\utils\SDLgraph.h">
      <Filter>utils</Filter>
    </ClInclude>
    <ClInclude Include="lunENG\input\keys.h">
      <Filter>input</Filter>
    </ClInclude>
    <ClInclude Include="lunENG\core\renderer.h">
      <Filter>core</Filter>
    </ClInclude>
    <ClInclude Include="lunENG\osSetup.h" />
    <ClInclude Include="lunENG\GLutils\sprites.h">
      <Filter>GLutils</Filter>
    </ClInclude>
    <ClInclude Include="lunENG\shared\shared.h">
      <Filter>shared</Filter>
    </ClInclude>
    <ClInclude Include="lunENG\modules\terrain.h">
      <Filter>modules</Filter>
    </ClInclude>
    <ClInclude Include="lunENG\modules\freecam.h">
      <Filter>modules</Filter>
    </ClInclude>
    <ClInclude Include="lunENG\shared\OBJparser.h">
      <Filter>shared</Filter>
    </ClInclude>
  </ItemGroup>
</Project>